
Microsoft Visual Studio Solution File, Format Version 12.00
# Visual Studio Version 17
VisualStudioVersion = 17.7.33913.275
MinimumVisualStudioVersion = 10.0.40219.1
Project("{9A19103F-16F7-4668-BE54-9A1E7A4F7556}") = "ECommerce.DataAccess", "ECommerce.DataAccess\ECommerce.DataAccess.csproj", "{2AA1E303-B00E-4997-B270-E9F2AA86D1E8}"
EndProject
Project("{9A19103F-16F7-4668-BE54-9A1E7A4F7556}") = "ECommerce.Models", "ECommerce.Models\ECommerce.Models.csproj", "{2F061E16-2719-43C0-9B39-C0C146819529}"
EndProject
Project("{9A19103F-16F7-4668-BE54-9A1E7A4F7556}") = "ECommerce.Utility", "ECommerce.Utility\ECommerce.Utility.csproj", "{F89BBE29-4E2E-4655-A23B-E07E5C1107F2}"
EndProject
Project("{FAE04EC0-301F-11D3-BF4B-00C04F79EFBC}") = "ECommerceWeb", "ECommerceWeb\ECommerceWeb.csproj", "{20E46FF9-F066-D8A9-9619-AFA24F6EC9CC}"
EndProject
Global
	GlobalSection(SolutionConfigurationPlatforms) = preSolution
		Debug|Any CPU = Debug|Any CPU
		Release|Any CPU = Release|Any CPU
	EndGlobalSection
	GlobalSection(ProjectConfigurationPlatforms) = postSolution
		{2AA1E303-B00E-4997-B270-E9F2AA86D1E8}.Debug|Any CPU.ActiveCfg = Debug|Any CPU
		{2AA1E303-B00E-4997-B270-E9F2AA86D1E8}.Debug|Any CPU.Build.0 = Debug|Any CPU
		{2AA1E303-B00E-4997-B270-E9F2AA86D1E8}.Release|Any CPU.ActiveCfg = Release|Any CPU
		{2AA1E303-B00E-4997-B270-E9F2AA86D1E8}.Release|Any CPU.Build.0 = Release|Any CPU
		{2F061E16-2719-43C0-9B39-C0C146819529}.Debug|Any CPU.ActiveCfg = Debug|Any CPU
		{2F061E16-2719-43C0-9B39-C0C146819529}.Debug|Any CPU.Build.0 = Debug|Any CPU
		{2F061E16-2719-43C0-9B39-C0C146819529}.Release|Any CPU.ActiveCfg = Release|Any CPU
		{2F061E16-2719-43C0-9B39-C0C146819529}.Release|Any CPU.Build.0 = Release|Any CPU
		{F89BBE29-4E2E-4655-A23B-E07E5C1107F2}.Debug|Any CPU.ActiveCfg = Debug|Any CPU
		{F89BBE29-4E2E-4655-A23B-E07E5C1107F2}.Debug|Any CPU.Build.0 = Debug|Any CPU
		{F89BBE29-4E2E-4655-A23B-E07E5C1107F2}.Release|Any CPU.ActiveCfg = Release|Any CPU
		{F89BBE29-4E2E-4655-A23B-E07E5C1107F2}.Release|Any CPU.Build.0 = Release|Any CPU
		{20E46FF9-F066-D8A9-9619-AFA24F6EC9CC}.Debug|Any CPU.ActiveCfg = Debug|Any CPU
		{20E46FF9-F066-D8A9-9619-AFA24F6EC9CC}.Debug|Any CPU.Build.0 = Debug|Any CPU
		{20E46FF9-F066-D8A9-9619-AFA24F6EC9CC}.Release|Any CPU.ActiveCfg = Release|Any CPU
		{20E46FF9-F066-D8A9-9619-AFA24F6EC9CC}.Release|Any CPU.Build.0 = Release|Any CPU
	EndGlobalSection
	GlobalSection(SolutionProperties) = preSolution
		HideSolutionNode = FALSE
	EndGlobalSection
	GlobalSection(ExtensibilityGlobals) = postSolution
		SolutionGuid = {1743A6D6-7AD9-43BE-AF97-9CAF825E5BF4}
	EndGlobalSection
EndGlobal
